
Microsoft Visual Studio Solution File, Format Version 12.00
# Visual Studio Version 16
VisualStudioVersion = 16.0.31829.152
MinimumVisualStudioVersion = 10.0.40219.1
Project("{9A19103F-16F7-4668-BE54-9A1E7A4F7556}") = "InternalSorting", "InternalSorting\InternalSorting.csproj", "{ED192E94-6686-4396-903D-BC7D56D090A9}"
EndProject
Project("{9A19103F-16F7-4668-BE54-9A1E7A4F7556}") = "SortingTables", "SortingTables\SortingTables.csproj", "{2AF00225-3293-47EA-988D-C3F29177B819}"
EndProject
Project("{9A19103F-16F7-4668-BE54-9A1E7A4F7556}") = "SortingText", "SortingText\SortingText.csproj", "{37D82207-32A2-4210-9A83-72AD5F2BAE50}"
EndProject
Project("{9A19103F-16F7-4668-BE54-9A1E7A4F7556}") = "InternalSortingConsole", "InternalSortingConsole\InternalSortingConsole.csproj", "{1D9283C9-70CA-4425-9FD4-D29A6B58EBB4}"
EndProject
Project("{9A19103F-16F7-4668-BE54-9A1E7A4F7556}") = "SortingTablesConsole", "SortingTablesConsole\SortingTablesConsole.csproj", "{C061EBE5-44C4-4756-BE20-E40877C5A7E4}"
EndProject
Project("{FAE04EC0-301F-11D3-BF4B-00C04F79EFBC}") = "SortingTextConsole", "SortingTextConsole\SortingTextConsole.csproj", "{6AF7A777-8CE6-45F9-A2E9-E729ECD03A0E}"
EndProject
Global
	GlobalSection(SolutionConfigurationPlatforms) = preSolution
		Debug|Any CPU = Debug|Any CPU
		Release|Any CPU = Release|Any CPU
	EndGlobalSection
	GlobalSection(ProjectConfigurationPlatforms) = postSolution
		{ED192E94-6686-4396-903D-BC7D56D090A9}.Debug|Any CPU.ActiveCfg = Debug|Any CPU
		{ED192E94-6686-4396-903D-BC7D56D090A9}.Debug|Any CPU.Build.0 = Debug|Any CPU
		{ED192E94-6686-4396-903D-BC7D56D090A9}.Release|Any CPU.ActiveCfg = Release|Any CPU
		{ED192E94-6686-4396-903D-BC7D56D090A9}.Release|Any CPU.Build.0 = Release|Any CPU
		{2AF00225-3293-47EA-988D-C3F29177B819}.Debug|Any CPU.ActiveCfg = Debug|Any CPU
		{2AF00225-3293-47EA-988D-C3F29177B819}.Debug|Any CPU.Build.0 = Debug|Any CPU
		{2AF00225-3293-47EA-988D-C3F29177B819}.Release|Any CPU.ActiveCfg = Release|Any CPU
		{2AF00225-3293-47EA-988D-C3F29177B819}.Release|Any CPU.Build.0 = Release|Any CPU
		{37D82207-32A2-4210-9A83-72AD5F2BAE50}.Debug|Any CPU.ActiveCfg = Debug|Any CPU
		{37D82207-32A2-4210-9A83-72AD5F2BAE50}.Debug|Any CPU.Build.0 = Debug|Any CPU
		{37D82207-32A2-4210-9A83-72AD5F2BAE50}.Release|Any CPU.ActiveCfg = Release|Any CPU
		{37D82207-32A2-4210-9A83-72AD5F2BAE50}.Release|Any CPU.Build.0 = Release|Any CPU
		{1D9283C9-70CA-4425-9FD4-D29A6B58EBB4}.Debug|Any CPU.ActiveCfg = Debug|Any CPU
		{1D9283C9-70CA-4425-9FD4-D29A6B58EBB4}.Debug|Any CPU.Build.0 = Debug|Any CPU
		{1D9283C9-70CA-4425-9FD4-D29A6B58EBB4}.Release|Any CPU.ActiveCfg = Release|Any CPU
		{1D9283C9-70CA-4425-9FD4-D29A6B58EBB4}.Release|Any CPU.Build.0 = Release|Any CPU
		{C061EBE5-44C4-4756-BE20-E40877C5A7E4}.Debug|Any CPU.ActiveCfg = Debug|Any CPU
		{C061EBE5-44C4-4756-BE20-E40877C5A7E4}.Debug|Any CPU.Build.0 = Debug|Any CPU
		{C061EBE5-44C4-4756-BE20-E40877C5A7E4}.Release|Any CPU.ActiveCfg = Release|Any CPU
		{C061EBE5-44C4-4756-BE20-E40877C5A7E4}.Release|Any CPU.Build.0 = Release|Any CPU
		{6AF7A777-8CE6-45F9-A2E9-E729ECD03A0E}.Debug|Any CPU.ActiveCfg = Debug|Any CPU
		{6AF7A777-8CE6-45F9-A2E9-E729ECD03A0E}.Debug|Any CPU.Build.0 = Debug|Any CPU
		{6AF7A777-8CE6-45F9-A2E9-E729ECD03A0E}.Release|Any CPU.ActiveCfg = Release|Any CPU
		{6AF7A777-8CE6-45F9-A2E9-E729ECD03A0E}.Release|Any CPU.Build.0 = Release|Any CPU
	EndGlobalSection
	GlobalSection(SolutionProperties) = preSolution
		HideSolutionNode = FALSE
	EndGlobalSection
	GlobalSection(ExtensibilityGlobals) = postSolution
		SolutionGuid = {5A493451-129F-4BEE-BE7B-67AB5F0EB558}
	EndGlobalSection
EndGlobal
