
Microsoft Visual Studio Solution File, Format Version 12.00
# Visual Studio Version 16
VisualStudioVersion = 16.0.31829.152
MinimumVisualStudioVersion = 10.0.40219.1
Project("{FAE04EC0-301F-11D3-BF4B-00C04F79EFBC}") = "GraphTraversal", "GraphTraversal\GraphTraversal.csproj", "{ACED0613-28B2-4613-8170-57A0741A75A1}"
EndProject
Global
	GlobalSection(SolutionConfigurationPlatforms) = preSolution
		Debug|Any CPU = Debug|Any CPU
		Release|Any CPU = Release|Any CPU
	EndGlobalSection
	GlobalSection(ProjectConfigurationPlatforms) = postSolution
		{ACED0613-28B2-4613-8170-57A0741A75A1}.Debug|Any CPU.ActiveCfg = Debug|Any CPU
		{ACED0613-28B2-4613-8170-57A0741A75A1}.Debug|Any CPU.Build.0 = Debug|Any CPU
		{ACED0613-28B2-4613-8170-57A0741A75A1}.Release|Any CPU.ActiveCfg = Release|Any CPU
		{ACED0613-28B2-4613-8170-57A0741A75A1}.Release|Any CPU.Build.0 = Release|Any CPU
	EndGlobalSection
	GlobalSection(SolutionProperties) = preSolution
		HideSolutionNode = FALSE
	EndGlobalSection
	GlobalSection(ExtensibilityGlobals) = postSolution
		SolutionGuid = {0DBDC1AF-2D88-47CB-B0B9-E4E3D8BD1C0F}
	EndGlobalSection
EndGlobal
