
Microsoft Visual Studio Solution File, Format Version 12.00
# Visual Studio Version 16
VisualStudioVersion = 16.0.31702.278
MinimumVisualStudioVersion = 10.0.40219.1
Project("{9A19103F-16F7-4668-BE54-9A1E7A4F7556}") = "SerpinskyCarpet", "SerpinskyCarpet.csproj", "{921998C3-3A46-4A25-8090-7BDB7AC38CF0}"
EndProject
Project("{9A19103F-16F7-4668-BE54-9A1E7A4F7556}") = "Hanoi Towers", "..\Hanoi Towers\Hanoi Towers.csproj", "{1667D87E-B091-4BF1-9815-613D3C4E1647}"
EndProject
Project("{FAE04EC0-301F-11D3-BF4B-00C04F79EFBC}") = "Newton", "..\Newton\Newton.csproj", "{F4B2C48F-32EB-45C2-917F-7B7A82D13628}"
EndProject
Global
	GlobalSection(SolutionConfigurationPlatforms) = preSolution
		Debug|Any CPU = Debug|Any CPU
		Release|Any CPU = Release|Any CPU
	EndGlobalSection
	GlobalSection(ProjectConfigurationPlatforms) = postSolution
		{921998C3-3A46-4A25-8090-7BDB7AC38CF0}.Debug|Any CPU.ActiveCfg = Debug|Any CPU
		{921998C3-3A46-4A25-8090-7BDB7AC38CF0}.Debug|Any CPU.Build.0 = Debug|Any CPU
		{921998C3-3A46-4A25-8090-7BDB7AC38CF0}.Release|Any CPU.ActiveCfg = Release|Any CPU
		{921998C3-3A46-4A25-8090-7BDB7AC38CF0}.Release|Any CPU.Build.0 = Release|Any CPU
		{1667D87E-B091-4BF1-9815-613D3C4E1647}.Debug|Any CPU.ActiveCfg = Debug|Any CPU
		{1667D87E-B091-4BF1-9815-613D3C4E1647}.Debug|Any CPU.Build.0 = Debug|Any CPU
		{1667D87E-B091-4BF1-9815-613D3C4E1647}.Release|Any CPU.ActiveCfg = Release|Any CPU
		{1667D87E-B091-4BF1-9815-613D3C4E1647}.Release|Any CPU.Build.0 = Release|Any CPU
		{F4B2C48F-32EB-45C2-917F-7B7A82D13628}.Debug|Any CPU.ActiveCfg = Debug|Any CPU
		{F4B2C48F-32EB-45C2-917F-7B7A82D13628}.Debug|Any CPU.Build.0 = Debug|Any CPU
		{F4B2C48F-32EB-45C2-917F-7B7A82D13628}.Release|Any CPU.ActiveCfg = Release|Any CPU
		{F4B2C48F-32EB-45C2-917F-7B7A82D13628}.Release|Any CPU.Build.0 = Release|Any CPU
	EndGlobalSection
	GlobalSection(SolutionProperties) = preSolution
		HideSolutionNode = FALSE
	EndGlobalSection
	GlobalSection(ExtensibilityGlobals) = postSolution
		SolutionGuid = {A1646135-5556-47C9-B0DF-B1E2374B1DE4}
	EndGlobalSection
EndGlobal
